
Microsoft Visual Studio Solution File, Format Version 12.00
# Visual Studio 15
VisualStudioVersion = 15.0.27703.2000
MinimumVisualStudioVersion = 10.0.40219.1
Project("{FAE04EC0-301F-11D3-BF4B-00C04F79EFBC}") = "NonTrailingNamedArguments", "NonTrailingNamedArguments\NonTrailingNamedArguments.csproj", "{22DD63BB-1B9C-4EF0-9538-2FAA70F4F610}"
EndProject
Global
	GlobalSection(SolutionConfigurationPlatforms) = preSolution
		Debug|Any CPU = Debug|Any CPU
		Release|Any CPU = Release|Any CPU
	EndGlobalSection
	GlobalSection(ProjectConfigurationPlatforms) = postSolution
		{22DD63BB-1B9C-4EF0-9538-2FAA70F4F610}.Debug|Any CPU.ActiveCfg = Debug|Any CPU
		{22DD63BB-1B9C-4EF0-9538-2FAA70F4F610}.Debug|Any CPU.Build.0 = Debug|Any CPU
		{22DD63BB-1B9C-4EF0-9538-2FAA70F4F610}.Release|Any CPU.ActiveCfg = Release|Any CPU
		{22DD63BB-1B9C-4EF0-9538-2FAA70F4F610}.Release|Any CPU.Build.0 = Release|Any CPU
	EndGlobalSection
	GlobalSection(SolutionProperties) = preSolution
		HideSolutionNode = FALSE
	EndGlobalSection
	GlobalSection(ExtensibilityGlobals) = postSolution
		SolutionGuid = {58848EE2-31B2-4267-992F-8F4CA8A7575B}
	EndGlobalSection
EndGlobal
