
Microsoft Visual Studio Solution File, Format Version 12.00
# Visual Studio 15
VisualStudioVersion = 15.0.27703.2000
MinimumVisualStudioVersion = 10.0.40219.1
Project("{FAE04EC0-301F-11D3-BF4B-00C04F79EFBC}") = "RefReadOnlyModifier", "RefReadOnlyModifier\RefReadOnlyModifier.csproj", "{32396201-4C4E-4B64-9F0B-3BAF1EA59EDB}"
EndProject
Global
	GlobalSection(SolutionConfigurationPlatforms) = preSolution
		Debug|Any CPU = Debug|Any CPU
		Release|Any CPU = Release|Any CPU
	EndGlobalSection
	GlobalSection(ProjectConfigurationPlatforms) = postSolution
		{32396201-4C4E-4B64-9F0B-3BAF1EA59EDB}.Debug|Any CPU.ActiveCfg = Debug|Any CPU
		{32396201-4C4E-4B64-9F0B-3BAF1EA59EDB}.Debug|Any CPU.Build.0 = Debug|Any CPU
		{32396201-4C4E-4B64-9F0B-3BAF1EA59EDB}.Release|Any CPU.ActiveCfg = Release|Any CPU
		{32396201-4C4E-4B64-9F0B-3BAF1EA59EDB}.Release|Any CPU.Build.0 = Release|Any CPU
	EndGlobalSection
	GlobalSection(SolutionProperties) = preSolution
		HideSolutionNode = FALSE
	EndGlobalSection
	GlobalSection(ExtensibilityGlobals) = postSolution
		SolutionGuid = {B8D32618-2327-4DD7-9709-F55312A52ECD}
	EndGlobalSection
EndGlobal
