
Microsoft Visual Studio Solution File, Format Version 12.00
# Visual Studio 15
VisualStudioVersion = 15.0.27703.2000
MinimumVisualStudioVersion = 10.0.40219.1
Project("{FAE04EC0-301F-11D3-BF4B-00C04F79EFBC}") = "LeadingDigitSeparator", "LeadingDigitSeparator.csproj", "{6497C547-957E-4742-AFDA-3C4FA4F2866F}"
EndProject
Global
	GlobalSection(SolutionConfigurationPlatforms) = preSolution
		Debug|Any CPU = Debug|Any CPU
		Release|Any CPU = Release|Any CPU
	EndGlobalSection
	GlobalSection(ProjectConfigurationPlatforms) = postSolution
		{6497C547-957E-4742-AFDA-3C4FA4F2866F}.Debug|Any CPU.ActiveCfg = Debug|Any CPU
		{6497C547-957E-4742-AFDA-3C4FA4F2866F}.Debug|Any CPU.Build.0 = Debug|Any CPU
		{6497C547-957E-4742-AFDA-3C4FA4F2866F}.Release|Any CPU.ActiveCfg = Release|Any CPU
		{6497C547-957E-4742-AFDA-3C4FA4F2866F}.Release|Any CPU.Build.0 = Release|Any CPU
	EndGlobalSection
	GlobalSection(SolutionProperties) = preSolution
		HideSolutionNode = FALSE
	EndGlobalSection
	GlobalSection(ExtensibilityGlobals) = postSolution
		SolutionGuid = {5AFB938D-A39A-4D9A-8F2E-699AFFA48E43}
	EndGlobalSection
EndGlobal
