
Microsoft Visual Studio Solution File, Format Version 12.00
# Visual Studio 15
VisualStudioVersion = 15.0.27703.2000
MinimumVisualStudioVersion = 10.0.40219.1
Project("{FAE04EC0-301F-11D3-BF4B-00C04F79EFBC}") = "Contact", "Contact.csproj", "{FA2FAF29-A1B6-4CAB-A3CE-636FE288FADD}"
EndProject
Global
	GlobalSection(SolutionConfigurationPlatforms) = preSolution
		Debug|Any CPU = Debug|Any CPU
		Release|Any CPU = Release|Any CPU
	EndGlobalSection
	GlobalSection(ProjectConfigurationPlatforms) = postSolution
		{FA2FAF29-A1B6-4CAB-A3CE-636FE288FADD}.Debug|Any CPU.ActiveCfg = Debug|Any CPU
		{FA2FAF29-A1B6-4CAB-A3CE-636FE288FADD}.Debug|Any CPU.Build.0 = Debug|Any CPU
		{FA2FAF29-A1B6-4CAB-A3CE-636FE288FADD}.Release|Any CPU.ActiveCfg = Release|Any CPU
		{FA2FAF29-A1B6-4CAB-A3CE-636FE288FADD}.Release|Any CPU.Build.0 = Release|Any CPU
	EndGlobalSection
	GlobalSection(SolutionProperties) = preSolution
		HideSolutionNode = FALSE
	EndGlobalSection
	GlobalSection(ExtensibilityGlobals) = postSolution
		SolutionGuid = {2E0C1AF9-C84D-472E-A661-37C360C672AA}
	EndGlobalSection
EndGlobal
