
Microsoft Visual Studio Solution File, Format Version 12.00
# Visual Studio 15
VisualStudioVersion = 15.0.27703.2000
MinimumVisualStudioVersion = 10.0.40219.1
Project("{FAE04EC0-301F-11D3-BF4B-00C04F79EFBC}") = "TimeTests", "TimeTests\TimeTests.csproj", "{DBF2BF69-7E90-4AD1-A8FA-CA681161803B}"
EndProject
Global
	GlobalSection(SolutionConfigurationPlatforms) = preSolution
		Debug|Any CPU = Debug|Any CPU
		Release|Any CPU = Release|Any CPU
	EndGlobalSection
	GlobalSection(ProjectConfigurationPlatforms) = postSolution
		{DBF2BF69-7E90-4AD1-A8FA-CA681161803B}.Debug|Any CPU.ActiveCfg = Debug|Any CPU
		{DBF2BF69-7E90-4AD1-A8FA-CA681161803B}.Debug|Any CPU.Build.0 = Debug|Any CPU
		{DBF2BF69-7E90-4AD1-A8FA-CA681161803B}.Release|Any CPU.ActiveCfg = Release|Any CPU
		{DBF2BF69-7E90-4AD1-A8FA-CA681161803B}.Release|Any CPU.Build.0 = Release|Any CPU
	EndGlobalSection
	GlobalSection(SolutionProperties) = preSolution
		HideSolutionNode = FALSE
	EndGlobalSection
	GlobalSection(ExtensibilityGlobals) = postSolution
		SolutionGuid = {F53A439D-0779-4245-AED4-6F61F2B3D2EE}
	EndGlobalSection
EndGlobal
